
Microsoft Visual Studio Solution File, Format Version 12.00
# Visual Studio 15
Project("{FAE04EC0-301F-11D3-BF4B-00C04F79EFBC}") = "VRM10.Tests", "VRM10.Tests.csproj", "{CD115DF4-BD72-EED1-A40D-688081A1E55B}"
EndProject
Project("{FAE04EC0-301F-11D3-BF4B-00C04F79EFBC}") = "UniHumanoid", "UniHumanoid.csproj", "{84469B1B-17CE-D7B2-4DBC-D24321660BBF}"
EndProject
Project("{FAE04EC0-301F-11D3-BF4B-00C04F79EFBC}") = "VRM10.Editor", "VRM10.Editor.csproj", "{508B0E64-0865-9C05-C396-EA343BD2EA15}"
EndProject
Project("{FAE04EC0-301F-11D3-BF4B-00C04F79EFBC}") = "SpringBoneJobs", "SpringBoneJobs.csproj", "{06D9BA43-AD07-A04B-CBFC-61A85FEC7AA4}"
EndProject
Project("{FAE04EC0-301F-11D3-BF4B-00C04F79EFBC}") = "UniGLTF.Editor", "UniGLTF.Editor.csproj", "{CC00CB29-06E5-9235-A56E-89DF2B500EC6}"
EndProject
Project("{FAE04EC0-301F-11D3-BF4B-00C04F79EFBC}") = "UniGLTF", "UniGLTF.csproj", "{C1B8A626-4D64-97F2-985F-BC8909A7CE3F}"
EndProject
Project("{FAE04EC0-301F-11D3-BF4B-00C04F79EFBC}") = "VRM10", "VRM10.csproj", "{5A05D10F-7A36-FFBD-8690-019E1921CA5A}"
EndProject
Project("{FAE04EC0-301F-11D3-BF4B-00C04F79EFBC}") = "UniGLTF.Tests", "UniGLTF.Tests.csproj", "{D514E62B-71B4-8401-4197-6388FF2B88A0}"
EndProject
Project("{FAE04EC0-301F-11D3-BF4B-00C04F79EFBC}") = "VRM10.MToon10", "VRM10.MToon10.csproj", "{9B8B4D29-5760-6C0B-4430-E97195270290}"
EndProject
Project("{FAE04EC0-301F-11D3-BF4B-00C04F79EFBC}") = "VrmLib", "VrmLib.csproj", "{D9CBA0D5-3C42-1AD1-2A06-D8ECD45E54CE}"
EndProject
Project("{FAE04EC0-301F-11D3-BF4B-00C04F79EFBC}") = "UniHumanoid.Editor", "UniHumanoid.Editor.csproj", "{5FFFC232-11A9-0BC2-BAF1-4DC549FE3E2E}"
EndProject
Project("{FAE04EC0-301F-11D3-BF4B-00C04F79EFBC}") = "VrmLibTests", "VrmLibTests.csproj", "{38580E9C-7BA4-4E94-2B61-02DBE0BDCB81}"
EndProject
Project("{FAE04EC0-301F-11D3-BF4B-00C04F79EFBC}") = "UniGLTF.UniUnlit", "UniGLTF.UniUnlit.csproj", "{6E0649A6-992E-8DAA-EBCF-38046FB61816}"
EndProject
Project("{FAE04EC0-301F-11D3-BF4B-00C04F79EFBC}") = "FastSpringBone10", "FastSpringBone10.csproj", "{3FBFD9C1-64A4-FB78-CE75-C631DC1C72CC}"
EndProject
Project("{FAE04EC0-301F-11D3-BF4B-00C04F79EFBC}") = "UniHumanoid.Editor.Tests", "UniHumanoid.Editor.Tests.csproj", "{91E8307B-EB2F-9984-B3DF-7272CC1D7B49}"
EndProject
Project("{FAE04EC0-301F-11D3-BF4B-00C04F79EFBC}") = "UniGLTF.UniUnlit.Editor", "UniGLTF.UniUnlit.Editor.csproj", "{1599C9E3-3B38-6139-776E-C48765073213}"
EndProject
Project("{FAE04EC0-301F-11D3-BF4B-00C04F79EFBC}") = "UniGLTF.Utils", "UniGLTF.Utils.csproj", "{C6F5D982-D135-1E14-1D4B-90B548BB0931}"
EndProject
Project("{FAE04EC0-301F-11D3-BF4B-00C04F79EFBC}") = "VRM10.MToon10.Editor", "VRM10.MToon10.Editor.csproj", "{9B02D029-7E2F-E871-B576-058BFB6B177A}"
EndProject
Project("{FAE04EC0-301F-11D3-BF4B-00C04F79EFBC}") = "Assembly-CSharp-Editor", "Assembly-CSharp-Editor.csproj", "{5E176465-0F1B-6BED-2C13-FAD5ACD40D5F}"
EndProject
Project("{FAE04EC0-301F-11D3-BF4B-00C04F79EFBC}") = "VRM10.MToon10.Tests", "VRM10.MToon10.Tests.csproj", "{C2B8F1F5-666B-DDDA-0BA2-B31926DB9841}"
EndProject
Project("{9A19103F-16F7-4668-BE54-9A1E7A4F7556}") = "ascension-protocol", "ascension-protocol\ascension-protocol.csproj", "{D4D2CE52-F012-4F39-A59D-AFDABC0CFCF7}"
EndProject
Global
	GlobalSection(SolutionConfigurationPlatforms) = preSolution
		Debug|Any CPU = Debug|Any CPU
		Release|Any CPU = Release|Any CPU
	EndGlobalSection
	GlobalSection(ProjectConfigurationPlatforms) = postSolution
		{CD115DF4-BD72-EED1-A40D-688081A1E55B}.Debug|Any CPU.ActiveCfg = Debug|Any CPU
		{CD115DF4-BD72-EED1-A40D-688081A1E55B}.Debug|Any CPU.Build.0 = Debug|Any CPU
		{CD115DF4-BD72-EED1-A40D-688081A1E55B}.Release|Any CPU.ActiveCfg = Release|Any CPU
		{CD115DF4-BD72-EED1-A40D-688081A1E55B}.Release|Any CPU.Build.0 = Release|Any CPU
		{84469B1B-17CE-D7B2-4DBC-D24321660BBF}.Debug|Any CPU.ActiveCfg = Debug|Any CPU
		{84469B1B-17CE-D7B2-4DBC-D24321660BBF}.Debug|Any CPU.Build.0 = Debug|Any CPU
		{84469B1B-17CE-D7B2-4DBC-D24321660BBF}.Release|Any CPU.ActiveCfg = Release|Any CPU
		{84469B1B-17CE-D7B2-4DBC-D24321660BBF}.Release|Any CPU.Build.0 = Release|Any CPU
		{508B0E64-0865-9C05-C396-EA343BD2EA15}.Debug|Any CPU.ActiveCfg = Debug|Any CPU
		{508B0E64-0865-9C05-C396-EA343BD2EA15}.Debug|Any CPU.Build.0 = Debug|Any CPU
		{508B0E64-0865-9C05-C396-EA343BD2EA15}.Release|Any CPU.ActiveCfg = Release|Any CPU
		{508B0E64-0865-9C05-C396-EA343BD2EA15}.Release|Any CPU.Build.0 = Release|Any CPU
		{06D9BA43-AD07-A04B-CBFC-61A85FEC7AA4}.Debug|Any CPU.ActiveCfg = Debug|Any CPU
		{06D9BA43-AD07-A04B-CBFC-61A85FEC7AA4}.Debug|Any CPU.Build.0 = Debug|Any CPU
		{06D9BA43-AD07-A04B-CBFC-61A85FEC7AA4}.Release|Any CPU.ActiveCfg = Release|Any CPU
		{06D9BA43-AD07-A04B-CBFC-61A85FEC7AA4}.Release|Any CPU.Build.0 = Release|Any CPU
		{CC00CB29-06E5-9235-A56E-89DF2B500EC6}.Debug|Any CPU.ActiveCfg = Debug|Any CPU
		{CC00CB29-06E5-9235-A56E-89DF2B500EC6}.Debug|Any CPU.Build.0 = Debug|Any CPU
		{CC00CB29-06E5-9235-A56E-89DF2B500EC6}.Release|Any CPU.ActiveCfg = Release|Any CPU
		{CC00CB29-06E5-9235-A56E-89DF2B500EC6}.Release|Any CPU.Build.0 = Release|Any CPU
		{C1B8A626-4D64-97F2-985F-BC8909A7CE3F}.Debug|Any CPU.ActiveCfg = Debug|Any CPU
		{C1B8A626-4D64-97F2-985F-BC8909A7CE3F}.Debug|Any CPU.Build.0 = Debug|Any CPU
		{C1B8A626-4D64-97F2-985F-BC8909A7CE3F}.Release|Any CPU.ActiveCfg = Release|Any CPU
		{C1B8A626-4D64-97F2-985F-BC8909A7CE3F}.Release|Any CPU.Build.0 = Release|Any CPU
		{5A05D10F-7A36-FFBD-8690-019E1921CA5A}.Debug|Any CPU.ActiveCfg = Debug|Any CPU
		{5A05D10F-7A36-FFBD-8690-019E1921CA5A}.Debug|Any CPU.Build.0 = Debug|Any CPU
		{5A05D10F-7A36-FFBD-8690-019E1921CA5A}.Release|Any CPU.ActiveCfg = Release|Any CPU
		{5A05D10F-7A36-FFBD-8690-019E1921CA5A}.Release|Any CPU.Build.0 = Release|Any CPU
		{D514E62B-71B4-8401-4197-6388FF2B88A0}.Debug|Any CPU.ActiveCfg = Debug|Any CPU
		{D514E62B-71B4-8401-4197-6388FF2B88A0}.Debug|Any CPU.Build.0 = Debug|Any CPU
		{D514E62B-71B4-8401-4197-6388FF2B88A0}.Release|Any CPU.ActiveCfg = Release|Any CPU
		{D514E62B-71B4-8401-4197-6388FF2B88A0}.Release|Any CPU.Build.0 = Release|Any CPU
		{9B8B4D29-5760-6C0B-4430-E97195270290}.Debug|Any CPU.ActiveCfg = Debug|Any CPU
		{9B8B4D29-5760-6C0B-4430-E97195270290}.Debug|Any CPU.Build.0 = Debug|Any CPU
		{9B8B4D29-5760-6C0B-4430-E97195270290}.Release|Any CPU.ActiveCfg = Release|Any CPU
		{9B8B4D29-5760-6C0B-4430-E97195270290}.Release|Any CPU.Build.0 = Release|Any CPU
		{D9CBA0D5-3C42-1AD1-2A06-D8ECD45E54CE}.Debug|Any CPU.ActiveCfg = Debug|Any CPU
		{D9CBA0D5-3C42-1AD1-2A06-D8ECD45E54CE}.Debug|Any CPU.Build.0 = Debug|Any CPU
		{D9CBA0D5-3C42-1AD1-2A06-D8ECD45E54CE}.Release|Any CPU.ActiveCfg = Release|Any CPU
		{D9CBA0D5-3C42-1AD1-2A06-D8ECD45E54CE}.Release|Any CPU.Build.0 = Release|Any CPU
		{5FFFC232-11A9-0BC2-BAF1-4DC549FE3E2E}.Debug|Any CPU.ActiveCfg = Debug|Any CPU
		{5FFFC232-11A9-0BC2-BAF1-4DC549FE3E2E}.Debug|Any CPU.Build.0 = Debug|Any CPU
		{5FFFC232-11A9-0BC2-BAF1-4DC549FE3E2E}.Release|Any CPU.ActiveCfg = Release|Any CPU
		{5FFFC232-11A9-0BC2-BAF1-4DC549FE3E2E}.Release|Any CPU.Build.0 = Release|Any CPU
		{38580E9C-7BA4-4E94-2B61-02DBE0BDCB81}.Debug|Any CPU.ActiveCfg = Debug|Any CPU
		{38580E9C-7BA4-4E94-2B61-02DBE0BDCB81}.Debug|Any CPU.Build.0 = Debug|Any CPU
		{38580E9C-7BA4-4E94-2B61-02DBE0BDCB81}.Release|Any CPU.ActiveCfg = Release|Any CPU
		{38580E9C-7BA4-4E94-2B61-02DBE0BDCB81}.Release|Any CPU.Build.0 = Release|Any CPU
		{6E0649A6-992E-8DAA-EBCF-38046FB61816}.Debug|Any CPU.ActiveCfg = Debug|Any CPU
		{6E0649A6-992E-8DAA-EBCF-38046FB61816}.Debug|Any CPU.Build.0 = Debug|Any CPU
		{6E0649A6-992E-8DAA-EBCF-38046FB61816}.Release|Any CPU.ActiveCfg = Release|Any CPU
		{6E0649A6-992E-8DAA-EBCF-38046FB61816}.Release|Any CPU.Build.0 = Release|Any CPU
		{3FBFD9C1-64A4-FB78-CE75-C631DC1C72CC}.Debug|Any CPU.ActiveCfg = Debug|Any CPU
		{3FBFD9C1-64A4-FB78-CE75-C631DC1C72CC}.Debug|Any CPU.Build.0 = Debug|Any CPU
		{3FBFD9C1-64A4-FB78-CE75-C631DC1C72CC}.Release|Any CPU.ActiveCfg = Release|Any CPU
		{3FBFD9C1-64A4-FB78-CE75-C631DC1C72CC}.Release|Any CPU.Build.0 = Release|Any CPU
		{91E8307B-EB2F-9984-B3DF-7272CC1D7B49}.Debug|Any CPU.ActiveCfg = Debug|Any CPU
		{91E8307B-EB2F-9984-B3DF-7272CC1D7B49}.Debug|Any CPU.Build.0 = Debug|Any CPU
		{91E8307B-EB2F-9984-B3DF-7272CC1D7B49}.Release|Any CPU.ActiveCfg = Release|Any CPU
		{91E8307B-EB2F-9984-B3DF-7272CC1D7B49}.Release|Any CPU.Build.0 = Release|Any CPU
		{1599C9E3-3B38-6139-776E-C48765073213}.Debug|Any CPU.ActiveCfg = Debug|Any CPU
		{1599C9E3-3B38-6139-776E-C48765073213}.Debug|Any CPU.Build.0 = Debug|Any CPU
		{1599C9E3-3B38-6139-776E-C48765073213}.Release|Any CPU.ActiveCfg = Release|Any CPU
		{1599C9E3-3B38-6139-776E-C48765073213}.Release|Any CPU.Build.0 = Release|Any CPU
		{C6F5D982-D135-1E14-1D4B-90B548BB0931}.Debug|Any CPU.ActiveCfg = Debug|Any CPU
		{C6F5D982-D135-1E14-1D4B-90B548BB0931}.Debug|Any CPU.Build.0 = Debug|Any CPU
		{C6F5D982-D135-1E14-1D4B-90B548BB0931}.Release|Any CPU.ActiveCfg = Release|Any CPU
		{C6F5D982-D135-1E14-1D4B-90B548BB0931}.Release|Any CPU.Build.0 = Release|Any CPU
		{9B02D029-7E2F-E871-B576-058BFB6B177A}.Debug|Any CPU.ActiveCfg = Debug|Any CPU
		{9B02D029-7E2F-E871-B576-058BFB6B177A}.Debug|Any CPU.Build.0 = Debug|Any CPU
		{9B02D029-7E2F-E871-B576-058BFB6B177A}.Release|Any CPU.ActiveCfg = Release|Any CPU
		{9B02D029-7E2F-E871-B576-058BFB6B177A}.Release|Any CPU.Build.0 = Release|Any CPU
		{5E176465-0F1B-6BED-2C13-FAD5ACD40D5F}.Debug|Any CPU.ActiveCfg = Debug|Any CPU
		{5E176465-0F1B-6BED-2C13-FAD5ACD40D5F}.Debug|Any CPU.Build.0 = Debug|Any CPU
		{5E176465-0F1B-6BED-2C13-FAD5ACD40D5F}.Release|Any CPU.ActiveCfg = Release|Any CPU
		{5E176465-0F1B-6BED-2C13-FAD5ACD40D5F}.Release|Any CPU.Build.0 = Release|Any CPU
		{C2B8F1F5-666B-DDDA-0BA2-B31926DB9841}.Debug|Any CPU.ActiveCfg = Debug|Any CPU
		{C2B8F1F5-666B-DDDA-0BA2-B31926DB9841}.Debug|Any CPU.Build.0 = Debug|Any CPU
		{C2B8F1F5-666B-DDDA-0BA2-B31926DB9841}.Release|Any CPU.ActiveCfg = Release|Any CPU
		{C2B8F1F5-666B-DDDA-0BA2-B31926DB9841}.Release|Any CPU.Build.0 = Release|Any CPU
		{D4D2CE52-F012-4F39-A59D-AFDABC0CFCF7}.Debug|Any CPU.ActiveCfg = Debug|Any CPU
		{D4D2CE52-F012-4F39-A59D-AFDABC0CFCF7}.Debug|Any CPU.Build.0 = Debug|Any CPU
		{D4D2CE52-F012-4F39-A59D-AFDABC0CFCF7}.Release|Any CPU.ActiveCfg = Release|Any CPU
		{D4D2CE52-F012-4F39-A59D-AFDABC0CFCF7}.Release|Any CPU.Build.0 = Release|Any CPU
	EndGlobalSection
	GlobalSection(SolutionProperties) = preSolution
		HideSolutionNode = FALSE
	EndGlobalSection
EndGlobal
